
Microsoft Visual Studio Solution File, Format Version 12.00
# Visual Studio Version 16
VisualStudioVersion = 16.0.32228.343
MinimumVisualStudioVersion = 10.0.40219.1
Project("{FAE04EC0-301F-11D3-BF4B-00C04F79EFBC}") = "WindowsFormsApp1", "WindowsFormsApp1.csproj", "{AE57E8EE-A1F3-494A-BA34-06A8810723BA}"
EndProject
Global
	GlobalSection(SolutionConfigurationPlatforms) = preSolution
		Debug|Any CPU = Debug|Any CPU
		Release|Any CPU = Release|Any CPU
	EndGlobalSection
	GlobalSection(ProjectConfigurationPlatforms) = postSolution
		{AE57E8EE-A1F3-494A-BA34-06A8810723BA}.Debug|Any CPU.ActiveCfg = Debug|Any CPU
		{AE57E8EE-A1F3-494A-BA34-06A8810723BA}.Debug|Any CPU.Build.0 = Debug|Any CPU
		{AE57E8EE-A1F3-494A-BA34-06A8810723BA}.Release|Any CPU.ActiveCfg = Release|Any CPU
		{AE57E8EE-A1F3-494A-BA34-06A8810723BA}.Release|Any CPU.Build.0 = Release|Any CPU
	EndGlobalSection
	GlobalSection(SolutionProperties) = preSolution
		HideSolutionNode = FALSE
	EndGlobalSection
	GlobalSection(ExtensibilityGlobals) = postSolution
		SolutionGuid = {C194B2B3-FA7C-4335-B4C8-7B0917BD7260}
	EndGlobalSection
EndGlobal
