
Microsoft Visual Studio Solution File, Format Version 12.00
# Visual Studio Version 17
VisualStudioVersion = 17.11.35312.102
MinimumVisualStudioVersion = 10.0.40219.1
Project("{FAE04EC0-301F-11D3-BF4B-00C04F79EFBC}") = "WindowsFormsApp1", "WindowsFormsApp1\WindowsFormsApp1.csproj", "{52FF040C-9383-4ABC-977E-5AFAC934A4EB}"
EndProject
Global
	GlobalSection(SolutionConfigurationPlatforms) = preSolution
		Debug|Any CPU = Debug|Any CPU
		Release|Any CPU = Release|Any CPU
	EndGlobalSection
	GlobalSection(ProjectConfigurationPlatforms) = postSolution
		{52FF040C-9383-4ABC-977E-5AFAC934A4EB}.Debug|Any CPU.ActiveCfg = Debug|Any CPU
		{52FF040C-9383-4ABC-977E-5AFAC934A4EB}.Debug|Any CPU.Build.0 = Debug|Any CPU
		{52FF040C-9383-4ABC-977E-5AFAC934A4EB}.Release|Any CPU.ActiveCfg = Release|Any CPU
		{52FF040C-9383-4ABC-977E-5AFAC934A4EB}.Release|Any CPU.Build.0 = Release|Any CPU
	EndGlobalSection
	GlobalSection(SolutionProperties) = preSolution
		HideSolutionNode = FALSE
	EndGlobalSection
	GlobalSection(ExtensibilityGlobals) = postSolution
		SolutionGuid = {46FBDDA3-A094-46DD-ACF3-6C789E6FD07F}
	EndGlobalSection
EndGlobal
